// !$*UTF8*$!
{
	archiveVersion = 1;
	classes = {
	};
	objectVersion = 46;
	objects = {

/* Begin PBXBuildFile section */
		6F9A30941609941D00BE0CAF /* UIKit.framework in Frameworks */ = {isa = PBXBuildFile; fileRef = 6F9A30931609941D00BE0CAF /* UIKit.framework */; };
		6F9A30961609941D00BE0CAF /* Foundation.framework in Frameworks */ = {isa = PBXBuildFile; fileRef = 6F9A30951609941D00BE0CAF /* Foundation.framework */; };
		6F9A30981609941D00BE0CAF /* CoreGraphics.framework in Frameworks */ = {isa = PBXBuildFile; fileRef = 6F9A30971609941D00BE0CAF /* CoreGraphics.framework */; };
		6F9A309E1609941D00BE0CAF /* InfoPlist.strings in Resources */ = {isa = PBXBuildFile; fileRef = 6F9A309C1609941D00BE0CAF /* InfoPlist.strings */; };
		6F9A30A01609941D00BE0CAF /* main.m in Sources */ = {isa = PBXBuildFile; fileRef = 6F9A309F1609941D00BE0CAF /* main.m */; };
		6F9A30A41609941D00BE0CAF /* AppDelegate.m in Sources */ = {isa = PBXBuildFile; fileRef = 6F9A30A31609941D00BE0CAF /* AppDelegate.m */; };
		6F9A30A71609941D00BE0CAF /* ViewController.m in Sources */ = {isa = PBXBuildFile; fileRef = 6F9A30A61609941D00BE0CAF /* ViewController.m */; };
		6F9A30AA1609941D00BE0CAF /* ViewController.xib in Resources */ = {isa = PBXBuildFile; fileRef = 6F9A30A81609941D00BE0CAF /* ViewController.xib */; };
		6F9A30B11609945800BE0CAF /* libBTstack.dylib in Frameworks */ = {isa = PBXBuildFile; fileRef = 6F9A30B01609945800BE0CAF /* libBTstack.dylib */; };
		6F9A30B61609947800BE0CAF /* BTstackManager.m in Sources */ = {isa = PBXBuildFile; fileRef = 6F9A30B51609947800BE0CAF /* BTstackManager.m */; };
		6F9A30B9160996B900BE0CAF /* Limo.m in Sources */ = {isa = PBXBuildFile; fileRef = 6F9A30B8160996B900BE0CAF /* Limo.m */; };
		6F9A310B160BFFEF00BE0CAF /* action_icon.png in Resources */ = {isa = PBXBuildFile; fileRef = 6F9A30C9160BFFEF00BE0CAF /* action_icon.png */; };
		6F9A310C160BFFEF00BE0CAF /* action_icon@2x.png in Resources */ = {isa = PBXBuildFile; fileRef = 6F9A30CA160BFFEF00BE0CAF /* action_icon@2x.png */; };
		6F9A310D160BFFEF00BE0CAF /* analog_base.png in Resources */ = {isa = PBXBuildFile; fileRef = 6F9A30CB160BFFEF00BE0CAF /* analog_base.png */; };
		6F9A310E160BFFEF00BE0CAF /* analog_base@2x.png in Resources */ = {isa = PBXBuildFile; fileRef = 6F9A30CC160BFFEF00BE0CAF /* analog_base@2x.png */; };
		6F9A310F160BFFEF00BE0CAF /* analog_disk.png in Resources */ = {isa = PBXBuildFile; fileRef = 6F9A30CD160BFFEF00BE0CAF /* analog_disk.png */; };
		6F9A3110160BFFEF00BE0CAF /* analog_disk@2x.png in Resources */ = {isa = PBXBuildFile; fileRef = 6F9A30CE160BFFEF00BE0CAF /* analog_disk@2x.png */; };
		6F9A3111160BFFEF00BE0CAF /* analog_middle.png in Resources */ = {isa = PBXBuildFile; fileRef = 6F9A30CF160BFFEF00BE0CAF /* analog_middle.png */; };
		6F9A3112160BFFEF00BE0CAF /* analog_middle@2x.png in Resources */ = {isa = PBXBuildFile; fileRef = 6F9A30D0160BFFEF00BE0CAF /* analog_middle@2x.png */; };
		6F9A3113160BFFEF00BE0CAF /* bg.png in Resources */ = {isa = PBXBuildFile; fileRef = 6F9A30D1160BFFEF00BE0CAF /* bg.png */; };
		6F9A3114160BFFEF00BE0CAF /* bg@2x.png in Resources */ = {isa = PBXBuildFile; fileRef = 6F9A30D2160BFFEF00BE0CAF /* bg@2x.png */; };
		6F9A3115160BFFEF00BE0CAF /* close.png in Resources */ = {isa = PBXBuildFile; fileRef = 6F9A30D3160BFFEF00BE0CAF /* close.png */; };
		6F9A3116160BFFEF00BE0CAF /* close@2x.png in Resources */ = {isa = PBXBuildFile; fileRef = 6F9A30D4160BFFEF00BE0CAF /* close@2x.png */; };
		6F9A3117160BFFEF00BE0CAF /* connect_icon.png in Resources */ = {isa = PBXBuildFile; fileRef = 6F9A30D5160BFFEF00BE0CAF /* connect_icon.png */; };
		6F9A3118160BFFEF00BE0CAF /* connect_icon@2x.png in Resources */ = {isa = PBXBuildFile; fileRef = 6F9A30D6160BFFEF00BE0CAF /* connect_icon@2x.png */; };
		6F9A3119160BFFEF00BE0CAF /* down.png in Resources */ = {isa = PBXBuildFile; fileRef = 6F9A30D7160BFFEF00BE0CAF /* down.png */; };
		6F9A311A160BFFEF00BE0CAF /* down@2x.png in Resources */ = {isa = PBXBuildFile; fileRef = 6F9A30D8160BFFEF00BE0CAF /* down@2x.png */; };
		6F9A311B160BFFEF00BE0CAF /* floating_base.png in Resources */ = {isa = PBXBuildFile; fileRef = 6F9A30D9160BFFEF00BE0CAF /* floating_base.png */; };
		6F9A311C160BFFEF00BE0CAF /* floating_base@2x.png in Resources */ = {isa = PBXBuildFile; fileRef = 6F9A30DA160BFFEF00BE0CAF /* floating_base@2x.png */; };
		6F9A311D160BFFEF00BE0CAF /* floating_stick.png in Resources */ = {isa = PBXBuildFile; fileRef = 6F9A30DB160BFFEF00BE0CAF /* floating_stick.png */; };
		6F9A311E160BFFEF00BE0CAF /* floating_stick@2x.png in Resources */ = {isa = PBXBuildFile; fileRef = 6F9A30DC160BFFEF00BE0CAF /* floating_stick@2x.png */; };
		6F9A311F160BFFEF00BE0CAF /* gs_step1.png in Resources */ = {isa = PBXBuildFile; fileRef = 6F9A30DD160BFFEF00BE0CAF /* gs_step1.png */; };
		6F9A3120160BFFEF00BE0CAF /* gs_step1@2x.png in Resources */ = {isa = PBXBuildFile; fileRef = 6F9A30DE160BFFEF00BE0CAF /* gs_step1@2x.png */; };
		6F9A3121160BFFEF00BE0CAF /* gs_step2.png in Resources */ = {isa = PBXBuildFile; fileRef = 6F9A30DF160BFFEF00BE0CAF /* gs_step2.png */; };
		6F9A3122160BFFEF00BE0CAF /* gs_step2@2x.png in Resources */ = {isa = PBXBuildFile; fileRef = 6F9A30E0160BFFEF00BE0CAF /* gs_step2@2x.png */; };
		6F9A3123160BFFEF00BE0CAF /* gs_step3.png in Resources */ = {isa = PBXBuildFile; fileRef = 6F9A30E1160BFFEF00BE0CAF /* gs_step3.png */; };
		6F9A3124160BFFEF00BE0CAF /* gs_step3@2x.png in Resources */ = {isa = PBXBuildFile; fileRef = 6F9A30E2160BFFEF00BE0CAF /* gs_step3@2x.png */; };
		6F9A3125160BFFEF00BE0CAF /* gs_step4.png in Resources */ = {isa = PBXBuildFile; fileRef = 6F9A30E3160BFFEF00BE0CAF /* gs_step4.png */; };
		6F9A3126160BFFEF00BE0CAF /* gs_step4@2x.png in Resources */ = {isa = PBXBuildFile; fileRef = 6F9A30E4160BFFEF00BE0CAF /* gs_step4@2x.png */; };
		6F9A3127160BFFEF00BE0CAF /* help.png in Resources */ = {isa = PBXBuildFile; fileRef = 6F9A30E5160BFFEF00BE0CAF /* help.png */; };
		6F9A3128160BFFEF00BE0CAF /* help@2x.png in Resources */ = {isa = PBXBuildFile; fileRef = 6F9A30E6160BFFEF00BE0CAF /* help@2x.png */; };
		6F9A3129160BFFEF00BE0CAF /* inactive.png in Resources */ = {isa = PBXBuildFile; fileRef = 6F9A30E7160BFFEF00BE0CAF /* inactive.png */; };
		6F9A312A160BFFEF00BE0CAF /* inactive@2x.png in Resources */ = {isa = PBXBuildFile; fileRef = 6F9A30E8160BFFEF00BE0CAF /* inactive@2x.png */; };
		6F9A312B160BFFEF00BE0CAF /* iTunesArtwork.png in Resources */ = {isa = PBXBuildFile; fileRef = 6F9A30E9160BFFEF00BE0CAF /* iTunesArtwork.png */; };
		6F9A312C160BFFEF00BE0CAF /* landing.png in Resources */ = {isa = PBXBuildFile; fileRef = 6F9A30EA160BFFEF00BE0CAF /* landing.png */; };
		6F9A312D160BFFEF00BE0CAF /* landing@2x.png in Resources */ = {isa = PBXBuildFile; fileRef = 6F9A30EB160BFFEF00BE0CAF /* landing@2x.png */; };
		6F9A312E160BFFEF00BE0CAF /* left_down.png in Resources */ = {isa = PBXBuildFile; fileRef = 6F9A30EC160BFFEF00BE0CAF /* left_down.png */; };
		6F9A312F160BFFEF00BE0CAF /* left_down@2x.png in Resources */ = {isa = PBXBuildFile; fileRef = 6F9A30ED160BFFEF00BE0CAF /* left_down@2x.png */; };
		6F9A3130160BFFEF00BE0CAF /* left_up.png in Resources */ = {isa = PBXBuildFile; fileRef = 6F9A30EE160BFFEF00BE0CAF /* left_up.png */; };
		6F9A3131160BFFEF00BE0CAF /* left_up@2x.png in Resources */ = {isa = PBXBuildFile; fileRef = 6F9A30EF160BFFEF00BE0CAF /* left_up@2x.png */; };
		6F9A3132160BFFEF00BE0CAF /* left.png in Resources */ = {isa = PBXBuildFile; fileRef = 6F9A30F0160BFFEF00BE0CAF /* left.png */; };
		6F9A3133160BFFEF00BE0CAF /* left@2x.png in Resources */ = {isa = PBXBuildFile; fileRef = 6F9A30F1160BFFEF00BE0CAF /* left@2x.png */; };
		6F9A3134160BFFEF00BE0CAF /* nav_back_active.png in Resources */ = {isa = PBXBuildFile; fileRef = 6F9A30F2160BFFEF00BE0CAF /* nav_back_active.png */; };
		6F9A3135160BFFEF00BE0CAF /* nav_back_active@2x.png in Resources */ = {isa = PBXBuildFile; fileRef = 6F9A30F3160BFFEF00BE0CAF /* nav_back_active@2x.png */; };
		6F9A3136160BFFEF00BE0CAF /* nav_back.png in Resources */ = {isa = PBXBuildFile; fileRef = 6F9A30F4160BFFEF00BE0CAF /* nav_back.png */; };
		6F9A3137160BFFEF00BE0CAF /* nav_back@2x.png in Resources */ = {isa = PBXBuildFile; fileRef = 6F9A30F5160BFFEF00BE0CAF /* nav_back@2x.png */; };
		6F9A3138160BFFEF00BE0CAF /* nav_down.png in Resources */ = {isa = PBXBuildFile; fileRef = 6F9A30F6160BFFEF00BE0CAF /* nav_down.png */; };
		6F9A3139160BFFEF00BE0CAF /* nav_down@2x.png in Resources */ = {isa = PBXBuildFile; fileRef = 6F9A30F7160BFFEF00BE0CAF /* nav_down@2x.png */; };
		6F9A313A160BFFEF00BE0CAF /* nav_GC_bg.png in Resources */ = {isa = PBXBuildFile; fileRef = 6F9A30F8160BFFEF00BE0CAF /* nav_GC_bg.png */; };
		6F9A313B160BFFEF00BE0CAF /* nav_GC_bg@2x.png in Resources */ = {isa = PBXBuildFile; fileRef = 6F9A30F9160BFFEF00BE0CAF /* nav_GC_bg@2x.png */; };
		6F9A313C160BFFEF00BE0CAF /* nav_inactive.png in Resources */ = {isa = PBXBuildFile; fileRef = 6F9A30FA160BFFEF00BE0CAF /* nav_inactive.png */; };
		6F9A313D160BFFEF00BE0CAF /* nav_inactive@2x.png in Resources */ = {isa = PBXBuildFile; fileRef = 6F9A30FB160BFFEF00BE0CAF /* nav_inactive@2x.png */; };
		6F9A313E160BFFEF00BE0CAF /* nav_left.png in Resources */ = {isa = PBXBuildFile; fileRef = 6F9A30FC160BFFEF00BE0CAF /* nav_left.png */; };
		6F9A313F160BFFEF00BE0CAF /* nav_left@2x.png in Resources */ = {isa = PBXBuildFile; fileRef = 6F9A30FD160BFFEF00BE0CAF /* nav_left@2x.png */; };
		6F9A3140160BFFEF00BE0CAF /* nav_right.png in Resources */ = {isa = PBXBuildFile; fileRef = 6F9A30FE160BFFEF00BE0CAF /* nav_right.png */; };
		6F9A3141160BFFEF00BE0CAF /* nav_right@2x.png in Resources */ = {isa = PBXBuildFile; fileRef = 6F9A30FF160BFFEF00BE0CAF /* nav_right@2x.png */; };
		6F9A3142160BFFEF00BE0CAF /* nav_select_active.png in Resources */ = {isa = PBXBuildFile; fileRef = 6F9A3100160BFFEF00BE0CAF /* nav_select_active.png */; };
		6F9A3143160BFFEF00BE0CAF /* nav_select_active@2x.png in Resources */ = {isa = PBXBuildFile; fileRef = 6F9A3101160BFFEF00BE0CAF /* nav_select_active@2x.png */; };
		6F9A3144160BFFEF00BE0CAF /* nav_select.png in Resources */ = {isa = PBXBuildFile; fileRef = 6F9A3102160BFFEF00BE0CAF /* nav_select.png */; };
		6F9A3145160BFFEF00BE0CAF /* nav_select@2x.png in Resources */ = {isa = PBXBuildFile; fileRef = 6F9A3103160BFFEF00BE0CAF /* nav_select@2x.png */; };
		6F9A3146160BFFEF00BE0CAF /* nav_up.png in Resources */ = {isa = PBXBuildFile; fileRef = 6F9A3104160BFFEF00BE0CAF /* nav_up.png */; };
		6F9A3147160BFFEF00BE0CAF /* nav_up@2x.png in Resources */ = {isa = PBXBuildFile; fileRef = 6F9A3105160BFFEF00BE0CAF /* nav_up@2x.png */; };
		6F9A3148160BFFEF00BE0CAF /* right_down.png in Resources */ = {isa = PBXBuildFile; fileRef = 6F9A3106160BFFEF00BE0CAF /* right_down.png */; };
		6F9A314B160C002D00BE0CAF /* Default.png in Resources */ = {isa = PBXBuildFile; fileRef = 6F9A314A160C002D00BE0CAF /* Default.png */; };
		6F9A314D160C003000BE0CAF /* Default@2x.png in Resources */ = {isa = PBXBuildFile; fileRef = 6F9A314C160C003000BE0CAF /* Default@2x.png */; };
		6F9A314F160C003A00BE0CAF /* Icon@2x.png in Resources */ = {isa = PBXBuildFile; fileRef = 6F9A314E160C003A00BE0CAF /* Icon@2x.png */; };
		6F9A3151160C004E00BE0CAF /* Icon.png in Resources */ = {isa = PBXBuildFile; fileRef = 6F9A3150160C004E00BE0CAF /* Icon.png */; };
/* End PBXBuildFile section */

/* Begin PBXFileReference section */
		6F9A308F1609941D00BE0CAF /* Limo.app */ = {isa = PBXFileReference; explicitFileType = wrapper.application; includeInIndex = 0; path = Limo.app; sourceTree = BUILT_PRODUCTS_DIR; };
		6F9A30931609941D00BE0CAF /* UIKit.framework */ = {isa = PBXFileReference; lastKnownFileType = wrapper.framework; name = UIKit.framework; path = System/Library/Frameworks/UIKit.framework; sourceTree = SDKROOT; };
		6F9A30951609941D00BE0CAF /* Foundation.framework */ = {isa = PBXFileReference; lastKnownFileType = wrapper.framework; name = Foundation.framework; path = System/Library/Frameworks/Foundation.framework; sourceTree = SDKROOT; };
		6F9A30971609941D00BE0CAF /* CoreGraphics.framework */ = {isa = PBXFileReference; lastKnownFileType = wrapper.framework; name = CoreGraphics.framework; path = System/Library/Frameworks/CoreGraphics.framework; sourceTree = SDKROOT; };
		6F9A309B1609941D00BE0CAF /* Limo-Info.plist */ = {isa = PBXFileReference; lastKnownFileType = text.plist.xml; path = "Limo-Info.plist"; sourceTree = "<group>"; };
		6F9A309D1609941D00BE0CAF /* en */ = {isa = PBXFileReference; lastKnownFileType = text.plist.strings; name = en; path = en.lproj/InfoPlist.strings; sourceTree = "<group>"; };
		6F9A309F1609941D00BE0CAF /* main.m */ = {isa = PBXFileReference; lastKnownFileType = sourcecode.c.objc; path = main.m; sourceTree = "<group>"; };
		6F9A30A11609941D00BE0CAF /* Limo-Prefix.pch */ = {isa = PBXFileReference; lastKnownFileType = sourcecode.c.h; path = "Limo-Prefix.pch"; sourceTree = "<group>"; };
		6F9A30A21609941D00BE0CAF /* AppDelegate.h */ = {isa = PBXFileReference; lastKnownFileType = sourcecode.c.h; path = AppDelegate.h; sourceTree = "<group>"; };
		6F9A30A31609941D00BE0CAF /* AppDelegate.m */ = {isa = PBXFileReference; lastKnownFileType = sourcecode.c.objc; path = AppDelegate.m; sourceTree = "<group>"; };
		6F9A30A51609941D00BE0CAF /* ViewController.h */ = {isa = PBXFileReference; lastKnownFileType = sourcecode.c.h; path = ViewController.h; sourceTree = "<group>"; };
		6F9A30A61609941D00BE0CAF /* ViewController.m */ = {isa = PBXFileReference; lastKnownFileType = sourcecode.c.objc; path = ViewController.m; sourceTree = "<group>"; };
		6F9A30A91609941D00BE0CAF /* en */ = {isa = PBXFileReference; lastKnownFileType = file.xib; name = en; path = en.lproj/ViewController.xib; sourceTree = "<group>"; };
		6F9A30B01609945800BE0CAF /* libBTstack.dylib */ = {isa = PBXFileReference; lastKnownFileType = "compiled.mach-o.dylib"; path = libBTstack.dylib; sourceTree = "<group>"; };
		6F9A30B41609947800BE0CAF /* BTstackManager.h */ = {isa = PBXFileReference; fileEncoding = 4; lastKnownFileType = sourcecode.c.h; path = BTstackManager.h; sourceTree = "<group>"; };
		6F9A30B51609947800BE0CAF /* BTstackManager.m */ = {isa = PBXFileReference; fileEncoding = 4; lastKnownFileType = sourcecode.c.objc; path = BTstackManager.m; sourceTree = "<group>"; };
		6F9A30B7160996B900BE0CAF /* Limo.h */ = {isa = PBXFileReference; fileEncoding = 4; lastKnownFileType = sourcecode.c.h; path = Limo.h; sourceTree = "<group>"; };
		6F9A30B8160996B900BE0CAF /* Limo.m */ = {isa = PBXFileReference; fileEncoding = 4; lastKnownFileType = sourcecode.c.objc; path = Limo.m; sourceTree = "<group>"; };
		6F9A30C9160BFFEF00BE0CAF /* action_icon.png */ = {isa = PBXFileReference; lastKnownFileType = image.png; path = action_icon.png; sourceTree = "<group>"; };
		6F9A30CA160BFFEF00BE0CAF /* action_icon@2x.png */ = {isa = PBXFileReference; lastKnownFileType = image.png; path = "action_icon@2x.png"; sourceTree = "<group>"; };
		6F9A30CB160BFFEF00BE0CAF /* analog_base.png */ = {isa = PBXFileReference; lastKnownFileType = image.png; path = analog_base.png; sourceTree = "<group>"; };
		6F9A30CC160BFFEF00BE0CAF /* analog_base@2x.png */ = {isa = PBXFileReference; lastKnownFileType = image.png; path = "analog_base@2x.png"; sourceTree = "<group>"; };
		6F9A30CD160BFFEF00BE0CAF /* analog_disk.png */ = {isa = PBXFileReference; lastKnownFileType = image.png; path = analog_disk.png; sourceTree = "<group>"; };
		6F9A30CE160BFFEF00BE0CAF /* analog_disk@2x.png */ = {isa = PBXFileReference; lastKnownFileType = image.png; path = "analog_disk@2x.png"; sourceTree = "<group>"; };
		6F9A30CF160BFFEF00BE0CAF /* analog_middle.png */ = {isa = PBXFileReference; lastKnownFileType = image.png; path = analog_middle.png; sourceTree = "<group>"; };
		6F9A30D0160BFFEF00BE0CAF /* analog_middle@2x.png */ = {isa = PBXFileReference; lastKnownFileType = image.png; path = "analog_middle@2x.png"; sourceTree = "<group>"; };
		6F9A30D1160BFFEF00BE0CAF /* bg.png */ = {isa = PBXFileReference; lastKnownFileType = image.png; path = bg.png; sourceTree = "<group>"; };
		6F9A30D2160BFFEF00BE0CAF /* bg@2x.png */ = {isa = PBXFileReference; lastKnownFileType = image.png; path = "bg@2x.png"; sourceTree = "<group>"; };
		6F9A30D3160BFFEF00BE0CAF /* close.png */ = {isa = PBXFileReference; lastKnownFileType = image.png; path = close.png; sourceTree = "<group>"; };
		6F9A30D4160BFFEF00BE0CAF /* close@2x.png */ = {isa = PBXFileReference; lastKnownFileType = image.png; path = "close@2x.png"; sourceTree = "<group>"; };
		6F9A30D5160BFFEF00BE0CAF /* connect_icon.png */ = {isa = PBXFileReference; lastKnownFileType = image.png; path = connect_icon.png; sourceTree = "<group>"; };
		6F9A30D6160BFFEF00BE0CAF /* connect_icon@2x.png */ = {isa = PBXFileReference; lastKnownFileType = image.png; path = "connect_icon@2x.png"; sourceTree = "<group>"; };
		6F9A30D7160BFFEF00BE0CAF /* down.png */ = {isa = PBXFileReference; lastKnownFileType = image.png; path = down.png; sourceTree = "<group>"; };
		6F9A30D8160BFFEF00BE0CAF /* down@2x.png */ = {isa = PBXFileReference; lastKnownFileType = image.png; path = "down@2x.png"; sourceTree = "<group>"; };
		6F9A30D9160BFFEF00BE0CAF /* floating_base.png */ = {isa = PBXFileReference; lastKnownFileType = image.png; path = floating_base.png; sourceTree = "<group>"; };
		6F9A30DA160BFFEF00BE0CAF /* floating_base@2x.png */ = {isa = PBXFileReference; lastKnownFileType = image.png; path = "floating_base@2x.png"; sourceTree = "<group>"; };
		6F9A30DB160BFFEF00BE0CAF /* floating_stick.png */ = {isa = PBXFileReference; lastKnownFileType = image.png; path = floating_stick.png; sourceTree = "<group>"; };
		6F9A30DC160BFFEF00BE0CAF /* floating_stick@2x.png */ = {isa = PBXFileReference; lastKnownFileType = image.png; path = "floating_stick@2x.png"; sourceTree = "<group>"; };
		6F9A30DD160BFFEF00BE0CAF /* gs_step1.png */ = {isa = PBXFileReference; lastKnownFileType = image.png; path = gs_step1.png; sourceTree = "<group>"; };
		6F9A30DE160BFFEF00BE0CAF /* gs_step1@2x.png */ = {isa = PBXFileReference; lastKnownFileType = image.png; path = "gs_step1@2x.png"; sourceTree = "<group>"; };
		6F9A30DF160BFFEF00BE0CAF /* gs_step2.png */ = {isa = PBXFileReference; lastKnownFileType = image.png; path = gs_step2.png; sourceTree = "<group>"; };
		6F9A30E0160BFFEF00BE0CAF /* gs_step2@2x.png */ = {isa = PBXFileReference; lastKnownFileType = image.png; path = "gs_step2@2x.png"; sourceTree = "<group>"; };
		6F9A30E1160BFFEF00BE0CAF /* gs_step3.png */ = {isa = PBXFileReference; lastKnownFileType = image.png; path = gs_step3.png; sourceTree = "<group>"; };
		6F9A30E2160BFFEF00BE0CAF /* gs_step3@2x.png */ = {isa = PBXFileReference; lastKnownFileType = image.png; path = "gs_step3@2x.png"; sourceTree = "<group>"; };
		6F9A30E3160BFFEF00BE0CAF /* gs_step4.png */ = {isa = PBXFileReference; lastKnownFileType = image.png; path = gs_step4.png; sourceTree = "<group>"; };
		6F9A30E4160BFFEF00BE0CAF /* gs_step4@2x.png */ = {isa = PBXFileReference; lastKnownFileType = image.png; path = "gs_step4@2x.png"; sourceTree = "<group>"; };
		6F9A30E5160BFFEF00BE0CAF /* help.png */ = {isa = PBXFileReference; lastKnownFileType = image.png; path = help.png; sourceTree = "<group>"; };
		6F9A30E6160BFFEF00BE0CAF /* help@2x.png */ = {isa = PBXFileReference; lastKnownFileType = image.png; path = "help@2x.png"; sourceTree = "<group>"; };
		6F9A30E7160BFFEF00BE0CAF /* inactive.png */ = {isa = PBXFileReference; lastKnownFileType = image.png; path = inactive.png; sourceTree = "<group>"; };
		6F9A30E8160BFFEF00BE0CAF /* inactive@2x.png */ = {isa = PBXFileReference; lastKnownFileType = image.png; path = "inactive@2x.png"; sourceTree = "<group>"; };
		6F9A30E9160BFFEF00BE0CAF /* iTunesArtwork.png */ = {isa = PBXFileReference; lastKnownFileType = image.png; path = iTunesArtwork.png; sourceTree = "<group>"; };
		6F9A30EA160BFFEF00BE0CAF /* landing.png */ = {isa = PBXFileReference; lastKnownFileType = image.png; path = landing.png; sourceTree = "<group>"; };
		6F9A30EB160BFFEF00BE0CAF /* landing@2x.png */ = {isa = PBXFileReference; lastKnownFileType = image.png; path = "landing@2x.png"; sourceTree = "<group>"; };
		6F9A30EC160BFFEF00BE0CAF /* left_down.png */ = {isa = PBXFileReference; lastKnownFileType = image.png; path = left_down.png; sourceTree = "<group>"; };
		6F9A30ED160BFFEF00BE0CAF /* left_down@2x.png */ = {isa = PBXFileReference; lastKnownFileType = image.png; path = "left_down@2x.png"; sourceTree = "<group>"; };
		6F9A30EE160BFFEF00BE0CAF /* left_up.png */ = {isa = PBXFileReference; lastKnownFileType = image.png; path = left_up.png; sourceTree = "<group>"; };
		6F9A30EF160BFFEF00BE0CAF /* left_up@2x.png */ = {isa = PBXFileReference; lastKnownFileType = image.png; path = "left_up@2x.png"; sourceTree = "<group>"; };
		6F9A30F0160BFFEF00BE0CAF /* left.png */ = {isa = PBXFileReference; lastKnownFileType = image.png; path = left.png; sourceTree = "<group>"; };
		6F9A30F1160BFFEF00BE0CAF /* left@2x.png */ = {isa = PBXFileReference; lastKnownFileType = image.png; path = "left@2x.png"; sourceTree = "<group>"; };
		6F9A30F2160BFFEF00BE0CAF /* nav_back_active.png */ = {isa = PBXFileReference; lastKnownFileType = image.png; path = nav_back_active.png; sourceTree = "<group>"; };
		6F9A30F3160BFFEF00BE0CAF /* nav_back_active@2x.png */ = {isa = PBXFileReference; lastKnownFileType = image.png; path = "nav_back_active@2x.png"; sourceTree = "<group>"; };
		6F9A30F4160BFFEF00BE0CAF /* nav_back.png */ = {isa = PBXFileReference; lastKnownFileType = image.png; path = nav_back.png; sourceTree = "<group>"; };
		6F9A30F5160BFFEF00BE0CAF /* nav_back@2x.png */ = {isa = PBXFileReference; lastKnownFileType = image.png; path = "nav_back@2x.png"; sourceTree = "<group>"; };
		6F9A30F6160BFFEF00BE0CAF /* nav_down.png */ = {isa = PBXFileReference; lastKnownFileType = image.png; path = nav_down.png; sourceTree = "<group>"; };
		6F9A30F7160BFFEF00BE0CAF /* nav_down@2x.png */ = {isa = PBXFileReference; lastKnownFileType = image.png; path = "nav_down@2x.png"; sourceTree = "<group>"; };
		6F9A30F8160BFFEF00BE0CAF /* nav_GC_bg.png */ = {isa = PBXFileReference; lastKnownFileType = image.png; path = nav_GC_bg.png; sourceTree = "<group>"; };
		6F9A30F9160BFFEF00BE0CAF /* nav_GC_bg@2x.png */ = {isa = PBXFileReference; lastKnownFileType = image.png; path = "nav_GC_bg@2x.png"; sourceTree = "<group>"; };
		6F9A30FA160BFFEF00BE0CAF /* nav_inactive.png */ = {isa = PBXFileReference; lastKnownFileType = image.png; path = nav_inactive.png; sourceTree = "<group>"; };
		6F9A30FB160BFFEF00BE0CAF /* nav_inactive@2x.png */ = {isa = PBXFileReference; lastKnownFileType = image.png; path = "nav_inactive@2x.png"; sourceTree = "<group>"; };
		6F9A30FC160BFFEF00BE0CAF /* nav_left.png */ = {isa = PBXFileReference; lastKnownFileType = image.png; path = nav_left.png; sourceTree = "<group>"; };
		6F9A30FD160BFFEF00BE0CAF /* nav_left@2x.png */ = {isa = PBXFileReference; lastKnownFileType = image.png; path = "nav_left@2x.png"; sourceTree = "<group>"; };
		6F9A30FE160BFFEF00BE0CAF /* nav_right.png */ = {isa = PBXFileReference; lastKnownFileType = image.png; path = nav_right.png; sourceTree = "<group>"; };
		6F9A30FF160BFFEF00BE0CAF /* nav_right@2x.png */ = {isa = PBXFileReference; lastKnownFileType = image.png; path = "nav_right@2x.png"; sourceTree = "<group>"; };
		6F9A3100160BFFEF00BE0CAF /* nav_select_active.png */ = {isa = PBXFileReference; lastKnownFileType = image.png; path = nav_select_active.png; sourceTree = "<group>"; };
		6F9A3101160BFFEF00BE0CAF /* nav_select_active@2x.png */ = {isa = PBXFileReference; lastKnownFileType = image.png; path = "nav_select_active@2x.png"; sourceTree = "<group>"; };
		6F9A3102160BFFEF00BE0CAF /* nav_select.png */ = {isa = PBXFileReference; lastKnownFileType = image.png; path = nav_select.png; sourceTree = "<group>"; };
		6F9A3103160BFFEF00BE0CAF /* nav_select@2x.png */ = {isa = PBXFileReference; lastKnownFileType = image.png; path = "nav_select@2x.png"; sourceTree = "<group>"; };
		6F9A3104160BFFEF00BE0CAF /* nav_up.png */ = {isa = PBXFileReference; lastKnownFileType = image.png; path = nav_up.png; sourceTree = "<group>"; };
		6F9A3105160BFFEF00BE0CAF /* nav_up@2x.png */ = {isa = PBXFileReference; lastKnownFileType = image.png; path = "nav_up@2x.png"; sourceTree = "<group>"; };
		6F9A3106160BFFEF00BE0CAF /* right_down.png */ = {isa = PBXFileReference; lastKnownFileType = image.png; path = right_down.png; sourceTree = "<group>"; };
		6F9A314A160C002D00BE0CAF /* Default.png */ = {isa = PBXFileReference; lastKnownFileType = image.png; path = Default.png; sourceTree = "<group>"; };
		6F9A314C160C003000BE0CAF /* Default@2x.png */ = {isa = PBXFileReference; lastKnownFileType = image.png; path = "Default@2x.png"; sourceTree = "<group>"; };
		6F9A314E160C003A00BE0CAF /* Icon@2x.png */ = {isa = PBXFileReference; lastKnownFileType = image.png; path = "Icon@2x.png"; sourceTree = "<group>"; };
		6F9A3150160C004E00BE0CAF /* Icon.png */ = {isa = PBXFileReference; lastKnownFileType = image.png; path = Icon.png; sourceTree = "<group>"; };
/* End PBXFileReference section */

/* Begin PBXFrameworksBuildPhase section */
		6F9A308C1609941D00BE0CAF /* Frameworks */ = {
			isa = PBXFrameworksBuildPhase;
			buildActionMask = 2147483647;
			files = (
				6F9A30941609941D00BE0CAF /* UIKit.framework in Frameworks */,
				6F9A30961609941D00BE0CAF /* Foundation.framework in Frameworks */,
				6F9A30981609941D00BE0CAF /* CoreGraphics.framework in Frameworks */,
				6F9A30B11609945800BE0CAF /* libBTstack.dylib in Frameworks */,
			);
			runOnlyForDeploymentPostprocessing = 0;
		};
/* End PBXFrameworksBuildPhase section */

/* Begin PBXGroup section */
		6F9A30841609941D00BE0CAF = {
			isa = PBXGroup;
			children = (
				6F9A3150160C004E00BE0CAF /* Icon.png */,
				6F9A314E160C003A00BE0CAF /* Icon@2x.png */,
				6F9A314C160C003000BE0CAF /* Default@2x.png */,
				6F9A314A160C002D00BE0CAF /* Default.png */,
				6F9A30C6160BFF8B00BE0CAF /* Resources */,
				6F9A30991609941D00BE0CAF /* Limo */,
				6F9A30921609941D00BE0CAF /* Frameworks */,
				6F9A30901609941D00BE0CAF /* Products */,
			);
			sourceTree = "<group>";
		};
		6F9A30901609941D00BE0CAF /* Products */ = {
			isa = PBXGroup;
			children = (
				6F9A308F1609941D00BE0CAF /* Limo.app */,
			);
			name = Products;
			sourceTree = "<group>";
		};
		6F9A30921609941D00BE0CAF /* Frameworks */ = {
			isa = PBXGroup;
			children = (
				6F9A30B01609945800BE0CAF /* libBTstack.dylib */,
				6F9A30931609941D00BE0CAF /* UIKit.framework */,
				6F9A30951609941D00BE0CAF /* Foundation.framework */,
				6F9A30971609941D00BE0CAF /* CoreGraphics.framework */,
			);
			name = Frameworks;
			sourceTree = "<group>";
		};
		6F9A30991609941D00BE0CAF /* Limo */ = {
			isa = PBXGroup;
			children = (
				6F9A30B7160996B900BE0CAF /* Limo.h */,
				6F9A30B8160996B900BE0CAF /* Limo.m */,
				6F9A30B41609947800BE0CAF /* BTstackManager.h */,
				6F9A30B51609947800BE0CAF /* BTstackManager.m */,
				6F9A30A21609941D00BE0CAF /* AppDelegate.h */,
				6F9A30A31609941D00BE0CAF /* AppDelegate.m */,
				6F9A30A51609941D00BE0CAF /* ViewController.h */,
				6F9A30A61609941D00BE0CAF /* ViewController.m */,
				6F9A30A81609941D00BE0CAF /* ViewController.xib */,
				6F9A309A1609941D00BE0CAF /* Supporting Files */,
			);
			path = Limo;
			sourceTree = "<group>";
		};
		6F9A309A1609941D00BE0CAF /* Supporting Files */ = {
			isa = PBXGroup;
			children = (
				6F9A309B1609941D00BE0CAF /* Limo-Info.plist */,
				6F9A309C1609941D00BE0CAF /* InfoPlist.strings */,
				6F9A309F1609941D00BE0CAF /* main.m */,
				6F9A30A11609941D00BE0CAF /* Limo-Prefix.pch */,
			);
			name = "Supporting Files";
			sourceTree = "<group>";
		};
		6F9A30C6160BFF8B00BE0CAF /* Resources */ = {
			isa = PBXGroup;
			children = (
				6F9A30C9160BFFEF00BE0CAF /* action_icon.png */,
				6F9A30CA160BFFEF00BE0CAF /* action_icon@2x.png */,
				6F9A30CB160BFFEF00BE0CAF /* analog_base.png */,
				6F9A30CC160BFFEF00BE0CAF /* analog_base@2x.png */,
				6F9A30CD160BFFEF00BE0CAF /* analog_disk.png */,
				6F9A30CE160BFFEF00BE0CAF /* analog_disk@2x.png */,
				6F9A30CF160BFFEF00BE0CAF /* analog_middle.png */,
				6F9A30D0160BFFEF00BE0CAF /* analog_middle@2x.png */,
				6F9A30D1160BFFEF00BE0CAF /* bg.png */,
				6F9A30D2160BFFEF00BE0CAF /* bg@2x.png */,
				6F9A30D3160BFFEF00BE0CAF /* close.png */,
				6F9A30D4160BFFEF00BE0CAF /* close@2x.png */,
				6F9A30D5160BFFEF00BE0CAF /* connect_icon.png */,
				6F9A30D6160BFFEF00BE0CAF /* connect_icon@2x.png */,
				6F9A30D7160BFFEF00BE0CAF /* down.png */,
				6F9A30D8160BFFEF00BE0CAF /* down@2x.png */,
				6F9A30D9160BFFEF00BE0CAF /* floating_base.png */,
				6F9A30DA160BFFEF00BE0CAF /* floating_base@2x.png */,
				6F9A30DB160BFFEF00BE0CAF /* floating_stick.png */,
				6F9A30DC160BFFEF00BE0CAF /* floating_stick@2x.png */,
				6F9A30DD160BFFEF00BE0CAF /* gs_step1.png */,
				6F9A30DE160BFFEF00BE0CAF /* gs_step1@2x.png */,
				6F9A30DF160BFFEF00BE0CAF /* gs_step2.png */,
				6F9A30E0160BFFEF00BE0CAF /* gs_step2@2x.png */,
				6F9A30E1160BFFEF00BE0CAF /* gs_step3.png */,
				6F9A30E2160BFFEF00BE0CAF /* gs_step3@2x.png */,
				6F9A30E3160BFFEF00BE0CAF /* gs_step4.png */,
				6F9A30E4160BFFEF00BE0CAF /* gs_step4@2x.png */,
				6F9A30E5160BFFEF00BE0CAF /* help.png */,
				6F9A30E6160BFFEF00BE0CAF /* help@2x.png */,
				6F9A30E7160BFFEF00BE0CAF /* inactive.png */,
				6F9A30E8160BFFEF00BE0CAF /* inactive@2x.png */,
				6F9A30E9160BFFEF00BE0CAF /* iTunesArtwork.png */,
				6F9A30EA160BFFEF00BE0CAF /* landing.png */,
				6F9A30EB160BFFEF00BE0CAF /* landing@2x.png */,
				6F9A30EC160BFFEF00BE0CAF /* left_down.png */,
				6F9A30ED160BFFEF00BE0CAF /* left_down@2x.png */,
				6F9A30EE160BFFEF00BE0CAF /* left_up.png */,
				6F9A30EF160BFFEF00BE0CAF /* left_up@2x.png */,
				6F9A30F0160BFFEF00BE0CAF /* left.png */,
				6F9A30F1160BFFEF00BE0CAF /* left@2x.png */,
				6F9A30F2160BFFEF00BE0CAF /* nav_back_active.png */,
				6F9A30F3160BFFEF00BE0CAF /* nav_back_active@2x.png */,
				6F9A30F4160BFFEF00BE0CAF /* nav_back.png */,
				6F9A30F5160BFFEF00BE0CAF /* nav_back@2x.png */,
				6F9A30F6160BFFEF00BE0CAF /* nav_down.png */,
				6F9A30F7160BFFEF00BE0CAF /* nav_down@2x.png */,
				6F9A30F8160BFFEF00BE0CAF /* nav_GC_bg.png */,
				6F9A30F9160BFFEF00BE0CAF /* nav_GC_bg@2x.png */,
				6F9A30FA160BFFEF00BE0CAF /* nav_inactive.png */,
				6F9A30FB160BFFEF00BE0CAF /* nav_inactive@2x.png */,
				6F9A30FC160BFFEF00BE0CAF /* nav_left.png */,
				6F9A30FD160BFFEF00BE0CAF /* nav_left@2x.png */,
				6F9A30FE160BFFEF00BE0CAF /* nav_right.png */,
				6F9A30FF160BFFEF00BE0CAF /* nav_right@2x.png */,
				6F9A3100160BFFEF00BE0CAF /* nav_select_active.png */,
				6F9A3101160BFFEF00BE0CAF /* nav_select_active@2x.png */,
				6F9A3102160BFFEF00BE0CAF /* nav_select.png */,
				6F9A3103160BFFEF00BE0CAF /* nav_select@2x.png */,
				6F9A3104160BFFEF00BE0CAF /* nav_up.png */,
				6F9A3105160BFFEF00BE0CAF /* nav_up@2x.png */,
				6F9A3106160BFFEF00BE0CAF /* right_down.png */,
			);
			name = Resources;
			sourceTree = "<group>";
		};
/* End PBXGroup section */

/* Begin PBXNativeTarget section */
		6F9A308E1609941D00BE0CAF /* Limo */ = {
			isa = PBXNativeTarget;
			buildConfigurationList = 6F9A30AD1609941D00BE0CAF /* Build configuration list for PBXNativeTarget "Limo" */;
			buildPhases = (
				6F9A308B1609941D00BE0CAF /* Sources */,
				6F9A308C1609941D00BE0CAF /* Frameworks */,
				6F9A308D1609941D00BE0CAF /* Resources */,
			);
			buildRules = (
			);
			dependencies = (
			);
			name = Limo;
			productName = Limo;
			productReference = 6F9A308F1609941D00BE0CAF /* Limo.app */;
			productType = "com.apple.product-type.application";
		};
/* End PBXNativeTarget section */

/* Begin PBXProject section */
		6F9A30861609941D00BE0CAF /* Project object */ = {
			isa = PBXProject;
			attributes = {
				LastUpgradeCheck = 0430;
			};
			buildConfigurationList = 6F9A30891609941D00BE0CAF /* Build configuration list for PBXProject "Limo" */;
			compatibilityVersion = "Xcode 3.2";
			developmentRegion = English;
			hasScannedForEncodings = 0;
			knownRegions = (
				en,
			);
			mainGroup = 6F9A30841609941D00BE0CAF;
			productRefGroup = 6F9A30901609941D00BE0CAF /* Products */;
			projectDirPath = "";
			projectRoot = "";
			targets = (
				6F9A308E1609941D00BE0CAF /* Limo */,
			);
		};
/* End PBXProject section */

/* Begin PBXResourcesBuildPhase section */
		6F9A308D1609941D00BE0CAF /* Resources */ = {
			isa = PBXResourcesBuildPhase;
			buildActionMask = 2147483647;
			files = (
				6F9A309E1609941D00BE0CAF /* InfoPlist.strings in Resources */,
				6F9A30AA1609941D00BE0CAF /* ViewController.xib in Resources */,
				6F9A310B160BFFEF00BE0CAF /* action_icon.png in Resources */,
				6F9A310C160BFFEF00BE0CAF /* action_icon@2x.png in Resources */,
				6F9A310D160BFFEF00BE0CAF /* analog_base.png in Resources */,
				6F9A310E160BFFEF00BE0CAF /* analog_base@2x.png in Resources */,
				6F9A310F160BFFEF00BE0CAF /* analog_disk.png in Resources */,
				6F9A3110160BFFEF00BE0CAF /* analog_disk@2x.png in Resources */,
				6F9A3111160BFFEF00BE0CAF /* analog_middle.png in Resources */,
				6F9A3112160BFFEF00BE0CAF /* analog_middle@2x.png in Resources */,
				6F9A3113160BFFEF00BE0CAF /* bg.png in Resources */,
				6F9A3114160BFFEF00BE0CAF /* bg@2x.png in Resources */,
				6F9A3115160BFFEF00BE0CAF /* close.png in Resources */,
				6F9A3116160BFFEF00BE0CAF /* close@2x.png in Resources */,
				6F9A3117160BFFEF00BE0CAF /* connect_icon.png in Resources */,
				6F9A3118160BFFEF00BE0CAF /* connect_icon@2x.png in Resources */,
				6F9A3119160BFFEF00BE0CAF /* down.png in Resources */,
				6F9A311A160BFFEF00BE0CAF /* down@2x.png in Resources */,
				6F9A311B160BFFEF00BE0CAF /* floating_base.png in Resources */,
				6F9A311C160BFFEF00BE0CAF /* floating_base@2x.png in Resources */,
				6F9A311D160BFFEF00BE0CAF /* floating_stick.png in Resources */,
				6F9A311E160BFFEF00BE0CAF /* floating_stick@2x.png in Resources */,
				6F9A311F160BFFEF00BE0CAF /* gs_step1.png in Resources */,
				6F9A3120160BFFEF00BE0CAF /* gs_step1@2x.png in Resources */,
				6F9A3121160BFFEF00BE0CAF /* gs_step2.png in Resources */,
				6F9A3122160BFFEF00BE0CAF /* gs_step2@2x.png in Resources */,
				6F9A3123160BFFEF00BE0CAF /* gs_step3.png in Resources */,
				6F9A3124160BFFEF00BE0CAF /* gs_step3@2x.png in Resources */,
				6F9A3125160BFFEF00BE0CAF /* gs_step4.png in Resources */,
				6F9A3126160BFFEF00BE0CAF /* gs_step4@2x.png in Resources */,
				6F9A3127160BFFEF00BE0CAF /* help.png in Resources */,
				6F9A3128160BFFEF00BE0CAF /* help@2x.png in Resources */,
				6F9A3129160BFFEF00BE0CAF /* inactive.png in Resources */,
				6F9A312A160BFFEF00BE0CAF /* inactive@2x.png in Resources */,
				6F9A312B160BFFEF00BE0CAF /* iTunesArtwork.png in Resources */,
				6F9A312C160BFFEF00BE0CAF /* landing.png in Resources */,
				6F9A312D160BFFEF00BE0CAF /* landing@2x.png in Resources */,
				6F9A312E160BFFEF00BE0CAF /* left_down.png in Resources */,
				6F9A312F160BFFEF00BE0CAF /* left_down@2x.png in Resources */,
				6F9A3130160BFFEF00BE0CAF /* left_up.png in Resources */,
				6F9A3131160BFFEF00BE0CAF /* left_up@2x.png in Resources */,
				6F9A3132160BFFEF00BE0CAF /* left.png in Resources */,
				6F9A3133160BFFEF00BE0CAF /* left@2x.png in Resources */,
				6F9A3134160BFFEF00BE0CAF /* nav_back_active.png in Resources */,
				6F9A3135160BFFEF00BE0CAF /* nav_back_active@2x.png in Resources */,
				6F9A3136160BFFEF00BE0CAF /* nav_back.png in Resources */,
				6F9A3137160BFFEF00BE0CAF /* nav_back@2x.png in Resources */,
				6F9A3138160BFFEF00BE0CAF /* nav_down.png in Resources */,
				6F9A3139160BFFEF00BE0CAF /* nav_down@2x.png in Resources */,
				6F9A313A160BFFEF00BE0CAF /* nav_GC_bg.png in Resources */,
				6F9A313B160BFFEF00BE0CAF /* nav_GC_bg@2x.png in Resources */,
				6F9A313C160BFFEF00BE0CAF /* nav_inactive.png in Resources */,
				6F9A313D160BFFEF00BE0CAF /* nav_inactive@2x.png in Resources */,
				6F9A313E160BFFEF00BE0CAF /* nav_left.png in Resources */,
				6F9A313F160BFFEF00BE0CAF /* nav_left@2x.png in Resources */,
				6F9A3140160BFFEF00BE0CAF /* nav_right.png in Resources */,
				6F9A3141160BFFEF00BE0CAF /* nav_right@2x.png in Resources */,
				6F9A3142160BFFEF00BE0CAF /* nav_select_active.png in Resources */,
				6F9A3143160BFFEF00BE0CAF /* nav_select_active@2x.png in Resources */,
				6F9A3144160BFFEF00BE0CAF /* nav_select.png in Resources */,
				6F9A3145160BFFEF00BE0CAF /* nav_select@2x.png in Resources */,
				6F9A3146160BFFEF00BE0CAF /* nav_up.png in Resources */,
				6F9A3147160BFFEF00BE0CAF /* nav_up@2x.png in Resources */,
				6F9A3148160BFFEF00BE0CAF /* right_down.png in Resources */,
				6F9A314B160C002D00BE0CAF /* Default.png in Resources */,
				6F9A314D160C003000BE0CAF /* Default@2x.png in Resources */,
				6F9A314F160C003A00BE0CAF /* Icon@2x.png in Resources */,
				6F9A3151160C004E00BE0CAF /* Icon.png in Resources */,
			);
			runOnlyForDeploymentPostprocessing = 0;
		};
/* End PBXResourcesBuildPhase section */

/* Begin PBXSourcesBuildPhase section */
		6F9A308B1609941D00BE0CAF /* Sources */ = {
			isa = PBXSourcesBuildPhase;
			buildActionMask = 2147483647;
			files = (
				6F9A30A01609941D00BE0CAF /* main.m in Sources */,
				6F9A30A41609941D00BE0CAF /* AppDelegate.m in Sources */,
				6F9A30A71609941D00BE0CAF /* ViewController.m in Sources */,
				6F9A30B61609947800BE0CAF /* BTstackManager.m in Sources */,
				6F9A30B9160996B900BE0CAF /* Limo.m in Sources */,
			);
			runOnlyForDeploymentPostprocessing = 0;
		};
/* End PBXSourcesBuildPhase section */

/* Begin PBXVariantGroup section */
		6F9A309C1609941D00BE0CAF /* InfoPlist.strings */ = {
			isa = PBXVariantGroup;
			children = (
				6F9A309D1609941D00BE0CAF /* en */,
			);
			name = InfoPlist.strings;
			sourceTree = "<group>";
		};
		6F9A30A81609941D00BE0CAF /* ViewController.xib */ = {
			isa = PBXVariantGroup;
			children = (
				6F9A30A91609941D00BE0CAF /* en */,
			);
			name = ViewController.xib;
			sourceTree = "<group>";
		};
/* End PBXVariantGroup section */

/* Begin XCBuildConfiguration section */
		6F9A30AB1609941D00BE0CAF /* Debug */ = {
			isa = XCBuildConfiguration;
			buildSettings = {
				ALWAYS_SEARCH_USER_PATHS = NO;
				ARCHS = "$(ARCHS_STANDARD_32_BIT)";
				"CODE_SIGN_IDENTITY[sdk=iphoneos*]" = "iPhone Developer";
				COPY_PHASE_STRIP = NO;
				GCC_C_LANGUAGE_STANDARD = gnu99;
				GCC_DYNAMIC_NO_PIC = NO;
				GCC_OPTIMIZATION_LEVEL = 0;
				GCC_PREPROCESSOR_DEFINITIONS = (
					"DEBUG=1",
					"$(inherited)",
				);
				GCC_SYMBOLS_PRIVATE_EXTERN = NO;
				GCC_VERSION = com.apple.compilers.llvm.clang.1_0;
				GCC_WARN_ABOUT_RETURN_TYPE = YES;
				GCC_WARN_UNINITIALIZED_AUTOS = YES;
				GCC_WARN_UNUSED_VARIABLE = YES;
				IPHONEOS_DEPLOYMENT_TARGET = 5.1;
				SDKROOT = iphoneos;
			};
			name = Debug;
		};
		6F9A30AC1609941D00BE0CAF /* Release */ = {
			isa = XCBuildConfiguration;
			buildSettings = {
				ALWAYS_SEARCH_USER_PATHS = NO;
				ARCHS = "$(ARCHS_STANDARD_32_BIT)";
				"CODE_SIGN_IDENTITY[sdk=iphoneos*]" = "iPhone Developer";
				COPY_PHASE_STRIP = YES;
				GCC_C_LANGUAGE_STANDARD = gnu99;
				GCC_VERSION = com.apple.compilers.llvm.clang.1_0;
				GCC_WARN_ABOUT_RETURN_TYPE = YES;
				GCC_WARN_UNINITIALIZED_AUTOS = YES;
				GCC_WARN_UNUSED_VARIABLE = YES;
				IPHONEOS_DEPLOYMENT_TARGET = 5.1;
				OTHER_CFLAGS = "-DNS_BLOCK_ASSERTIONS=1";
				SDKROOT = iphoneos;
				VALIDATE_PRODUCT = YES;
			};
			name = Release;
		};
		6F9A30AE1609941D00BE0CAF /* Debug */ = {
			isa = XCBuildConfiguration;
			buildSettings = {
				GCC_PRECOMPILE_PREFIX_HEADER = YES;
				GCC_PREFIX_HEADER = "Limo/Limo-Prefix.pch";
				HEADER_SEARCH_PATHS = (
					../btstack/include,
					../btstack,
				);
				INFOPLIST_FILE = "Limo/Limo-Info.plist";
				LIBRARY_SEARCH_PATHS = (
					"$(inherited)",
					"\"$(SRCROOT)\"",
				);
				PRODUCT_NAME = "$(TARGET_NAME)";
				WRAPPER_EXTENSION = app;
			};
			name = Debug;
		};
		6F9A30AF1609941D00BE0CAF /* Release */ = {
			isa = XCBuildConfiguration;
			buildSettings = {
				GCC_PRECOMPILE_PREFIX_HEADER = YES;
				GCC_PREFIX_HEADER = "Limo/Limo-Prefix.pch";
				HEADER_SEARCH_PATHS = (
					../btstack/include,
					../btstack,
				);
				INFOPLIST_FILE = "Limo/Limo-Info.plist";
				LIBRARY_SEARCH_PATHS = (
					"$(inherited)",
					"\"$(SRCROOT)\"",
				);
				PRODUCT_NAME = "$(TARGET_NAME)";
				WRAPPER_EXTENSION = app;
			};
			name = Release;
		};
/* End XCBuildConfiguration section */

/* Begin XCConfigurationList section */
		6F9A30891609941D00BE0CAF /* Build configuration list for PBXProject "Limo" */ = {
			isa = XCConfigurationList;
			buildConfigurations = (
				6F9A30AB1609941D00BE0CAF /* Debug */,
				6F9A30AC1609941D00BE0CAF /* Release */,
			);
			defaultConfigurationIsVisible = 0;
			defaultConfigurationName = Release;
		};
		6F9A30AD1609941D00BE0CAF /* Build configuration list for PBXNativeTarget "Limo" */ = {
			isa = XCConfigurationList;
			buildConfigurations = (
				6F9A30AE1609941D00BE0CAF /* Debug */,
				6F9A30AF1609941D00BE0CAF /* Release */,
			);
			defaultConfigurationIsVisible = 0;
		};
/* End XCConfigurationList section */
	};
	rootObject = 6F9A30861609941D00BE0CAF /* Project object */;
}
